// !$*UTF8*$!
{
	archiveVersion = 1;
	classes = {
	};
	objectVersion = 46;
	objects = {

/* Begin PBXBuildFile section */
		72F6A55B1ED8131E00AE2D6E /* AppDelegate.swift in Sources */ = {isa = PBXBuildFile; fileRef = 72F6A55A1ED8131E00AE2D6E /* AppDelegate.swift */; };
		72F6A55D1ED8131E00AE2D6E /* ViewController.swift in Sources */ = {isa = PBXBuildFile; fileRef = 72F6A55C1ED8131E00AE2D6E /* ViewController.swift */; };
		72F6A5601ED8131E00AE2D6E /* Main.storyboard in Resources */ = {isa = PBXBuildFile; fileRef = 72F6A55E1ED8131E00AE2D6E /* Main.storyboard */; };
		72F6A5621ED8131E00AE2D6E /* Assets.xcassets in Resources */ = {isa = PBXBuildFile; fileRef = 72F6A5611ED8131E00AE2D6E /* Assets.xcassets */; };
		72F6A5651ED8131E00AE2D6E /* LaunchScreen.storyboard in Resources */ = {isa = PBXBuildFile; fileRef = 72F6A5631ED8131E00AE2D6E /* LaunchScreen.storyboard */; };
		72F6A5701ED8131E00AE2D6E /* TestBluetoothTests.swift in Sources */ = {isa = PBXBuildFile; fileRef = 72F6A56F1ED8131E00AE2D6E /* TestBluetoothTests.swift */; };
		72F6A57B1ED8147400AE2D6E /* ViewController+CBManagerDelegate.swift in Sources */ = {isa = PBXBuildFile; fileRef = 72F6A57A1ED8147400AE2D6E /* ViewController+CBManagerDelegate.swift */; };
		72F6A57D1ED81BF700AE2D6E /* ViewController+TableView.swift in Sources */ = {isa = PBXBuildFile; fileRef = 72F6A57C1ED81BF700AE2D6E /* ViewController+TableView.swift */; };
		72F6A57F1ED8288000AE2D6E /* CoreBluetooth+Extension.swift in Sources */ = {isa = PBXBuildFile; fileRef = 72F6A57E1ED8288000AE2D6E /* CoreBluetooth+Extension.swift */; };
/* End PBXBuildFile section */

/* Begin PBXContainerItemProxy section */
		72F6A56C1ED8131E00AE2D6E /* PBXContainerItemProxy */ = {
			isa = PBXContainerItemProxy;
			containerPortal = 72F6A54F1ED8131E00AE2D6E /* Project object */;
			proxyType = 1;
			remoteGlobalIDString = 72F6A5561ED8131E00AE2D6E;
			remoteInfo = TestBluetooth;
		};
/* End PBXContainerItemProxy section */

/* Begin PBXFileReference section */
		72F6A5571ED8131E00AE2D6E /* TestBluetooth.app */ = {isa = PBXFileReference; explicitFileType = wrapper.application; includeInIndex = 0; path = TestBluetooth.app; sourceTree = BUILT_PRODUCTS_DIR; };
		72F6A55A1ED8131E00AE2D6E /* AppDelegate.swift */ = {isa = PBXFileReference; lastKnownFileType = sourcecode.swift; path = AppDelegate.swift; sourceTree = "<group>"; };
		72F6A55C1ED8131E00AE2D6E /* ViewController.swift */ = {isa = PBXFileReference; lastKnownFileType = sourcecode.swift; path = ViewController.swift; sourceTree = "<group>"; };
		72F6A55F1ED8131E00AE2D6E /* Base */ = {isa = PBXFileReference; lastKnownFileType = file.storyboard; name = Base; path = Base.lproj/Main.storyboard; sourceTree = "<group>"; };
		72F6A5611ED8131E00AE2D6E /* Assets.xcassets */ = {isa = PBXFileReference; lastKnownFileType = folder.assetcatalog; path = Assets.xcassets; sourceTree = "<group>"; };
		72F6A5641ED8131E00AE2D6E /* Base */ = {isa = PBXFileReference; lastKnownFileType = file.storyboard; name = Base; path = Base.lproj/LaunchScreen.storyboard; sourceTree = "<group>"; };
		72F6A5661ED8131E00AE2D6E /* Info.plist */ = {isa = PBXFileReference; lastKnownFileType = text.plist.xml; path = Info.plist; sourceTree = "<group>"; };
		72F6A56B1ED8131E00AE2D6E /* TestBluetoothTests.xctest */ = {isa = PBXFileReference; explicitFileType = wrapper.cfbundle; includeInIndex = 0; path = TestBluetoothTests.xctest; sourceTree = BUILT_PRODUCTS_DIR; };
		72F6A56F1ED8131E00AE2D6E /* TestBluetoothTests.swift */ = {isa = PBXFileReference; lastKnownFileType = sourcecode.swift; path = TestBluetoothTests.swift; sourceTree = "<group>"; };
		72F6A5711ED8131E00AE2D6E /* Info.plist */ = {isa = PBXFileReference; lastKnownFileType = text.plist.xml; path = Info.plist; sourceTree = "<group>"; };
		72F6A57A1ED8147400AE2D6E /* ViewController+CBManagerDelegate.swift */ = {isa = PBXFileReference; fileEncoding = 4; lastKnownFileType = sourcecode.swift; path = "ViewController+CBManagerDelegate.swift"; sourceTree = "<group>"; };
		72F6A57C1ED81BF700AE2D6E /* ViewController+TableView.swift */ = {isa = PBXFileReference; fileEncoding = 4; lastKnownFileType = sourcecode.swift; path = "ViewController+TableView.swift"; sourceTree = "<group>"; };
		72F6A57E1ED8288000AE2D6E /* CoreBluetooth+Extension.swift */ = {isa = PBXFileReference; fileEncoding = 4; lastKnownFileType = sourcecode.swift; path = "CoreBluetooth+Extension.swift"; sourceTree = "<group>"; };
/* End PBXFileReference section */

/* Begin PBXFrameworksBuildPhase section */
		72F6A5541ED8131E00AE2D6E /* Frameworks */ = {
			isa = PBXFrameworksBuildPhase;
			buildActionMask = 2147483647;
			files = (
			);
			runOnlyForDeploymentPostprocessing = 0;
		};
		72F6A5681ED8131E00AE2D6E /* Frameworks */ = {
			isa = PBXFrameworksBuildPhase;
			buildActionMask = 2147483647;
			files = (
			);
			runOnlyForDeploymentPostprocessing = 0;
		};
/* End PBXFrameworksBuildPhase section */

/* Begin PBXGroup section */
		72F6A54E1ED8131E00AE2D6E = {
			isa = PBXGroup;
			children = (
				72F6A5591ED8131E00AE2D6E /* TestBluetooth */,
				72F6A56E1ED8131E00AE2D6E /* TestBluetoothTests */,
				72F6A5581ED8131E00AE2D6E /* Products */,
			);
			sourceTree = "<group>";
		};
		72F6A5581ED8131E00AE2D6E /* Products */ = {
			isa = PBXGroup;
			children = (
				72F6A5571ED8131E00AE2D6E /* TestBluetooth.app */,
				72F6A56B1ED8131E00AE2D6E /* TestBluetoothTests.xctest */,
			);
			name = Products;
			sourceTree = "<group>";
		};
		72F6A5591ED8131E00AE2D6E /* TestBluetooth */ = {
			isa = PBXGroup;
			children = (
				72F6A55A1ED8131E00AE2D6E /* AppDelegate.swift */,
				72F6A55C1ED8131E00AE2D6E /* ViewController.swift */,
				72F6A57A1ED8147400AE2D6E /* ViewController+CBManagerDelegate.swift */,
				72F6A57C1ED81BF700AE2D6E /* ViewController+TableView.swift */,
				72F6A57E1ED8288000AE2D6E /* CoreBluetooth+Extension.swift */,
				72F6A55E1ED8131E00AE2D6E /* Main.storyboard */,
				72F6A5611ED8131E00AE2D6E /* Assets.xcassets */,
				72F6A5631ED8131E00AE2D6E /* LaunchScreen.storyboard */,
				72F6A5661ED8131E00AE2D6E /* Info.plist */,
			);
			path = TestBluetooth;
			sourceTree = "<group>";
		};
		72F6A56E1ED8131E00AE2D6E /* TestBluetoothTests */ = {
			isa = PBXGroup;
			children = (
				72F6A56F1ED8131E00AE2D6E /* TestBluetoothTests.swift */,
				72F6A5711ED8131E00AE2D6E /* Info.plist */,
			);
			path = TestBluetoothTests;
			sourceTree = "<group>";
		};
/* End PBXGroup section */

/* Begin PBXNativeTarget section */
		72F6A5561ED8131E00AE2D6E /* TestBluetooth */ = {
			isa = PBXNativeTarget;
			buildConfigurationList = 72F6A5741ED8131E00AE2D6E /* Build configuration list for PBXNativeTarget "TestBluetooth" */;
			buildPhases = (
				72F6A5531ED8131E00AE2D6E /* Sources */,
				72F6A5541ED8131E00AE2D6E /* Frameworks */,
				72F6A5551ED8131E00AE2D6E /* Resources */,
			);
			buildRules = (
			);
			dependencies = (
			);
			name = TestBluetooth;
			productName = TestBluetooth;
			productReference = 72F6A5571ED8131E00AE2D6E /* TestBluetooth.app */;
			productType = "com.apple.product-type.application";
		};
		72F6A56A1ED8131E00AE2D6E /* TestBluetoothTests */ = {
			isa = PBXNativeTarget;
			buildConfigurationList = 72F6A5771ED8131E00AE2D6E /* Build configuration list for PBXNativeTarget "TestBluetoothTests" */;
			buildPhases = (
				72F6A5671ED8131E00AE2D6E /* Sources */,
				72F6A5681ED8131E00AE2D6E /* Frameworks */,
				72F6A5691ED8131E00AE2D6E /* Resources */,
			);
			buildRules = (
			);
			dependencies = (
				72F6A56D1ED8131E00AE2D6E /* PBXTargetDependency */,
			);
			name = TestBluetoothTests;
			productName = TestBluetoothTests;
			productReference = 72F6A56B1ED8131E00AE2D6E /* TestBluetoothTests.xctest */;
			productType = "com.apple.product-type.bundle.unit-test";
		};
/* End PBXNativeTarget section */

/* Begin PBXProject section */
		72F6A54F1ED8131E00AE2D6E /* Project object */ = {
			isa = PBXProject;
			attributes = {
				LastSwiftUpdateCheck = 0830;
				LastUpgradeCheck = 0830;
				ORGANIZATIONNAME = DaydreamClover;
				TargetAttributes = {
					72F6A5561ED8131E00AE2D6E = {
						CreatedOnToolsVersion = 8.3.2;
						DevelopmentTeam = PDE65S5MLH;
						ProvisioningStyle = Automatic;
					};
					72F6A56A1ED8131E00AE2D6E = {
						CreatedOnToolsVersion = 8.3.2;
						DevelopmentTeam = PDE65S5MLH;
						ProvisioningStyle = Automatic;
						TestTargetID = 72F6A5561ED8131E00AE2D6E;
					};
				};
			};
			buildConfigurationList = 72F6A5521ED8131E00AE2D6E /* Build configuration list for PBXProject "TestBluetooth" */;
			compatibilityVersion = "Xcode 3.2";
			developmentRegion = English;
			hasScannedForEncodings = 0;
			knownRegions = (
				en,
				Base,
			);
			mainGroup = 72F6A54E1ED8131E00AE2D6E;
			productRefGroup = 72F6A5581ED8131E00AE2D6E /* Products */;
			projectDirPath = "";
			projectRoot = "";
			targets = (
				72F6A5561ED8131E00AE2D6E /* TestBluetooth */,
				72F6A56A1ED8131E00AE2D6E /* TestBluetoothTests */,
			);
		};
/* End PBXProject section */

/* Begin PBXResourcesBuildPhase section */
		72F6A5551ED8131E00AE2D6E /* Resources */ = {
			isa = PBXResourcesBuildPhase;
			buildActionMask = 2147483647;
			files = (
				72F6A5651ED8131E00AE2D6E /* LaunchScreen.storyboard in Resources */,
				72F6A5621ED8131E00AE2D6E /* Assets.xcassets in Resources */,
				72F6A5601ED8131E00AE2D6E /* Main.storyboard in Resources */,
			);
			runOnlyForDeploymentPostprocessing = 0;
		};
		72F6A5691ED8131E00AE2D6E /* Resources */ = {
			isa = PBXResourcesBuildPhase;
			buildActionMask = 2147483647;
			files = (
			);
			runOnlyForDeploymentPostprocessing = 0;
		};
/* End PBXResourcesBuildPhase section */

/* Begin PBXSourcesBuildPhase section */
		72F6A5531ED8131E00AE2D6E /* Sources */ = {
			isa = PBXSourcesBuildPhase;
			buildActionMask = 2147483647;
			files = (
				72F6A55D1ED8131E00AE2D6E /* ViewController.swift in Sources */,
				72F6A57B1ED8147400AE2D6E /* ViewController+CBManagerDelegate.swift in Sources */,
				72F6A57D1ED81BF700AE2D6E /* ViewController+TableView.swift in Sources */,
				72F6A57F1ED8288000AE2D6E /* CoreBluetooth+Extension.swift in Sources */,
				72F6A55B1ED8131E00AE2D6E /* AppDelegate.swift in Sources */,
			);
			runOnlyForDeploymentPostprocessing = 0;
		};
		72F6A5671ED8131E00AE2D6E /* Sources */ = {
			isa = PBXSourcesBuildPhase;
			buildActionMask = 2147483647;
			files = (
				72F6A5701ED8131E00AE2D6E /* TestBluetoothTests.swift in Sources */,
			);
			runOnlyForDeploymentPostprocessing = 0;
		};
/* End PBXSourcesBuildPhase section */

/* Begin PBXTargetDependency section */
		72F6A56D1ED8131E00AE2D6E /* PBXTargetDependency */ = {
			isa = PBXTargetDependency;
			target = 72F6A5561ED8131E00AE2D6E /* TestBluetooth */;
			targetProxy = 72F6A56C1ED8131E00AE2D6E /* PBXContainerItemProxy */;
		};
/* End PBXTargetDependency section */

/* Begin PBXVariantGroup section */
		72F6A55E1ED8131E00AE2D6E /* Main.storyboard */ = {
			isa = PBXVariantGroup;
			children = (
				72F6A55F1ED8131E00AE2D6E /* Base */,
			);
			name = Main.storyboard;
			sourceTree = "<group>";
		};
		72F6A5631ED8131E00AE2D6E /* LaunchScreen.storyboard */ = {
			isa = PBXVariantGroup;
			children = (
				72F6A5641ED8131E00AE2D6E /* Base */,
			);
			name = LaunchScreen.storyboard;
			sourceTree = "<group>";
		};
/* End PBXVariantGroup section */

/* Begin XCBuildConfiguration section */
		72F6A5721ED8131E00AE2D6E /* Debug */ = {
			isa = XCBuildConfiguration;
			buildSettings = {
				ALWAYS_SEARCH_USER_PATHS = NO;
				CLANG_ANALYZER_NONNULL = YES;
				CLANG_ANALYZER_NUMBER_OBJECT_CONVERSION = YES_AGGRESSIVE;
				CLANG_CXX_LANGUAGE_STANDARD = "gnu++0x";
				CLANG_CXX_LIBRARY = "libc++";
				CLANG_ENABLE_MODULES = YES;
				CLANG_ENABLE_OBJC_ARC = YES;
				CLANG_WARN_BOOL_CONVERSION = YES;
				CLANG_WARN_CONSTANT_CONVERSION = YES;
				CLANG_WARN_DIRECT_OBJC_ISA_USAGE = YES_ERROR;
				CLANG_WARN_DOCUMENTATION_COMMENTS = YES;
				CLANG_WARN_EMPTY_BODY = YES;
				CLANG_WARN_ENUM_CONVERSION = YES;
				CLANG_WARN_INFINITE_RECURSION = YES;
				CLANG_WARN_INT_CONVERSION = YES;
				CLANG_WARN_OBJC_ROOT_CLASS = YES_ERROR;
				CLANG_WARN_SUSPICIOUS_MOVE = YES;
				CLANG_WARN_UNREACHABLE_CODE = YES;
				CLANG_WARN__DUPLICATE_METHOD_MATCH = YES;
				"CODE_SIGN_IDENTITY[sdk=iphoneos*]" = "iPhone Developer";
				COPY_PHASE_STRIP = NO;
				DEBUG_INFORMATION_FORMAT = dwarf;
				ENABLE_STRICT_OBJC_MSGSEND = YES;
				ENABLE_TESTABILITY = YES;
				GCC_C_LANGUAGE_STANDARD = gnu99;
				GCC_DYNAMIC_NO_PIC = NO;
				GCC_NO_COMMON_BLOCKS = YES;
				GCC_OPTIMIZATION_LEVEL = 0;
				GCC_PREPROCESSOR_DEFINITIONS = (
					"DEBUG=1",
					"$(inherited)",
				);
				GCC_WARN_64_TO_32_BIT_CONVERSION = YES;
				GCC_WARN_ABOUT_RETURN_TYPE = YES_ERROR;
				GCC_WARN_UNDECLARED_SELECTOR = YES;
				GCC_WARN_UNINITIALIZED_AUTOS = YES_AGGRESSIVE;
				GCC_WARN_UNUSED_FUNCTION = YES;
				GCC_WARN_UNUSED_VARIABLE = YES;
				IPHONEOS_DEPLOYMENT_TARGET = 10.3;
				MTL_ENABLE_DEBUG_INFO = YES;
				ONLY_ACTIVE_ARCH = YES;
				SDKROOT = iphoneos;
				SWIFT_ACTIVE_COMPILATION_CONDITIONS = DEBUG;
				SWIFT_OPTIMIZATION_LEVEL = "-Onone";
				TARGETED_DEVICE_FAMILY = "1,2";
			};
			name = Debug;
		};
		72F6A5731ED8131E00AE2D6E /* Release */ = {
			isa = XCBuildConfiguration;
			buildSettings = {
				ALWAYS_SEARCH_USER_PATHS = NO;
				CLANG_ANALYZER_NONNULL = YES;
				CLANG_ANALYZER_NUMBER_OBJECT_CONVERSION = YES_AGGRESSIVE;
				CLANG_CXX_LANGUAGE_STANDARD = "gnu++0x";
				CLANG_CXX_LIBRARY = "libc++";
				CLANG_ENABLE_MODULES = YES;
				CLANG_ENABLE_OBJC_ARC = YES;
				CLANG_WARN_BOOL_CONVERSION = YES;
				CLANG_WARN_CONSTANT_CONVERSION = YES;
				CLANG_WARN_DIRECT_OBJC_ISA_USAGE = YES_ERROR;
				CLANG_WARN_DOCUMENTATION_COMMENTS = YES;
				CLANG_WARN_EMPTY_BODY = YES;
				CLANG_WARN_ENUM_CONVERSION = YES;
				CLANG_WARN_INFINITE_RECURSION = YES;
				CLANG_WARN_INT_CONVERSION = YES;
				CLANG_WARN_OBJC_ROOT_CLASS = YES_ERROR;
				CLANG_WARN_SUSPICIOUS_MOVE = YES;
				CLANG_WARN_UNREACHABLE_CODE = YES;
				CLANG_WARN__DUPLICATE_METHOD_MATCH = YES;
				"CODE_SIGN_IDENTITY[sdk=iphoneos*]" = "iPhone Developer";
				COPY_PHASE_STRIP = NO;
				DEBUG_INFORMATION_FORMAT = "dwarf-with-dsym";
				ENABLE_NS_ASSERTIONS = NO;
				ENABLE_STRICT_OBJC_MSGSEND = YES;
				GCC_C_LANGUAGE_STANDARD = gnu99;
				GCC_NO_COMMON_BLOCKS = YES;
				GCC_WARN_64_TO_32_BIT_CONVERSION = YES;
				GCC_WARN_ABOUT_RETURN_TYPE = YES_ERROR;
				GCC_WARN_UNDECLARED_SELECTOR = YES;
				GCC_WARN_UNINITIALIZED_AUTOS = YES_AGGRESSIVE;
				GCC_WARN_UNUSED_FUNCTION = YES;
				GCC_WARN_UNUSED_VARIABLE = YES;
				IPHONEOS_DEPLOYMENT_TARGET = 10.3;
				MTL_ENABLE_DEBUG_INFO = NO;
				SDKROOT = iphoneos;
				SWIFT_OPTIMIZATION_LEVEL = "-Owholemodule";
				TARGETED_DEVICE_FAMILY = "1,2";
				VALIDATE_PRODUCT = YES;
			};
			name = Release;
		};
		72F6A5751ED8131E00AE2D6E /* Debug */ = {
			isa = XCBuildConfiguration;
			buildSettings = {
				ASSETCATALOG_COMPILER_APPICON_NAME = AppIcon;
				DEVELOPMENT_TEAM = PDE65S5MLH;
				INFOPLIST_FILE = TestBluetooth/Info.plist;
				IPHONEOS_DEPLOYMENT_TARGET = 9.0;
				LD_RUNPATH_SEARCH_PATHS = "$(inherited) @executable_path/Frameworks";
				PRODUCT_BUNDLE_IDENTIFIER = com.daydreamclover.TestBluetooth;
				PRODUCT_NAME = "$(TARGET_NAME)";
				SWIFT_VERSION = 3.0;
				TARGETED_DEVICE_FAMILY = 1;
			};
			name = Debug;
		};
		72F6A5761ED8131E00AE2D6E /* Release */ = {
			isa = XCBuildConfiguration;
			buildSettings = {
				ASSETCATALOG_COMPILER_APPICON_NAME = AppIcon;
				DEVELOPMENT_TEAM = PDE65S5MLH;
				INFOPLIST_FILE = TestBluetooth/Info.plist;
				IPHONEOS_DEPLOYMENT_TARGET = 9.0;
				LD_RUNPATH_SEARCH_PATHS = "$(inherited) @executable_path/Frameworks";
				PRODUCT_BUNDLE_IDENTIFIER = com.daydreamclover.TestBluetooth;
				PRODUCT_NAME = "$(TARGET_NAME)";
				SWIFT_VERSION = 3.0;
				TARGETED_DEVICE_FAMILY = 1;
			};
			name = Release;
		};
		72F6A5781ED8131E00AE2D6E /* Debug */ = {
			isa = XCBuildConfiguration;
			buildSettings = {
				ALWAYS_EMBED_SWIFT_STANDARD_LIBRARIES = YES;
				BUNDLE_LOADER = "$(TEST_HOST)";
				DEVELOPMENT_TEAM = PDE65S5MLH;
				INFOPLIST_FILE = TestBluetoothTests/Info.plist;
				LD_RUNPATH_SEARCH_PATHS = "$(inherited) @executable_path/Frameworks @loader_path/Frameworks";
				PRODUCT_BUNDLE_IDENTIFIER = com.daydreamclover.TestBluetoothTests;
				PRODUCT_NAME = "$(TARGET_NAME)";
				SWIFT_VERSION = 3.0;
				TEST_HOST = "$(BUILT_PRODUCTS_DIR)/TestBluetooth.app/TestBluetooth";
			};
			name = Debug;
		};
		72F6A5791ED8131E00AE2D6E /* Release */ = {
			isa = XCBuildConfiguration;
			buildSettings = {
				ALWAYS_EMBED_SWIFT_STANDARD_LIBRARIES = YES;
				BUNDLE_LOADER = "$(TEST_HOST)";
				DEVELOPMENT_TEAM = PDE65S5MLH;
				INFOPLIST_FILE = TestBluetoothTests/Info.plist;
				LD_RUNPATH_SEARCH_PATHS = "$(inherited) @executable_path/Frameworks @loader_path/Frameworks";
				PRODUCT_BUNDLE_IDENTIFIER = com.daydreamclover.TestBluetoothTests;
				PRODUCT_NAME = "$(TARGET_NAME)";
				SWIFT_VERSION = 3.0;
				TEST_HOST = "$(BUILT_PRODUCTS_DIR)/TestBluetooth.app/TestBluetooth";
			};
			name = Release;
		};
/* End XCBuildConfiguration section */

/* Begin XCConfigurationList section */
		72F6A5521ED8131E00AE2D6E /* Build configuration list for PBXProject "TestBluetooth" */ = {
			isa = XCConfigurationList;
			buildConfigurations = (
				72F6A5721ED8131E00AE2D6E /* Debug */,
				72F6A5731ED8131E00AE2D6E /* Release */,
			);
			defaultConfigurationIsVisible = 0;
			defaultConfigurationName = Release;
		};
		72F6A5741ED8131E00AE2D6E /* Build configuration list for PBXNativeTarget "TestBluetooth" */ = {
			isa = XCConfigurationList;
			buildConfigurations = (
				72F6A5751ED8131E00AE2D6E /* Debug */,
				72F6A5761ED8131E00AE2D6E /* Release */,
			);
			defaultConfigurationIsVisible = 0;
		};
		72F6A5771ED8131E00AE2D6E /* Build configuration list for PBXNativeTarget "TestBluetoothTests" */ = {
			isa = XCConfigurationList;
			buildConfigurations = (
				72F6A5781ED8131E00AE2D6E /* Debug */,
				72F6A5791ED8131E00AE2D6E /* Release */,
			);
			defaultConfigurationIsVisible = 0;
		};
/* End XCConfigurationList section */
	};
	rootObject = 72F6A54F1ED8131E00AE2D6E /* Project object */;
}
